# THIS IS AN AUTOGENERATED FILE. DO NOT EDIT THIS FILE DIRECTLY.
# yarn lockfile v1


"@peculiar/asn1-schema@^1.0.3":
  version "1.0.3"
  resolved "https://registry.yarnpkg.com/@peculiar/asn1-schema/-/asn1-schema-1.0.3.tgz#e55ff9e98a1cf31832629aabacf85be3edf13a48"
  integrity sha512-Tfgj9eNJ6cTKEtEuidKenLHMx/Q5M8KEE9hnohHqvdpqHJXWYr5RlT3GjAHPjGXy5+mr7sSfuXfzE6aAkEGN7A==
  dependencies:
    asn1js "^2.0.22"
    tslib "^1.9.3"

"@peculiar/json-schema@^1.1.5":
  version "1.1.5"
  resolved "https://registry.yarnpkg.com/@peculiar/json-schema/-/json-schema-1.1.5.tgz#376e0e978d2bd7132487a5679ab375a34313e73f"
  integrity sha512-y5XYA3pf9+c+YKVpWnPtQbNmlNCs2ehNHyMLJvq4K5Fjwc1N64YGy7MNecKW3uYLga+sqbGTQSUdOdlnaRRbpA==
  dependencies:
    tslib "^1.9.3"

"@peculiar/webcrypto@^1.0.19":
  version "1.0.19"
  resolved "https://registry.yarnpkg.com/@peculiar/webcrypto/-/webcrypto-1.0.19.tgz#45dd199c57ee655f9efd0332aca6fd53801d89f7"
  integrity sha512-+lF69A18LJBLp0/gJIQatCARLah6cTUmLwY0Cdab0zsk+Z53BcpjKQyyP4LIN8oW601ZXv28mWEQ4Cm7MllF6w==
  dependencies:
    "@peculiar/asn1-schema" "^1.0.3"
    "@peculiar/json-schema" "^1.1.5"
    asn1js "^2.0.26"
    pvtsutils "^1.0.6"
    tslib "^1.10.0"
    webcrypto-core "^1.0.14"

"@types/node@^10.14.17":
  version "10.14.19"
  resolved "https://registry.yarnpkg.com/@types/node/-/node-10.14.19.tgz#f52742c7834a815dedf66edfc8a51547e2a67342"
  integrity sha512-j6Sqt38ssdMKutXBUuAcmWF8QtHW1Fwz/mz4Y+Wd9mzpBiVFirjpNQf363hG5itkG+yGaD+oiLyb50HxJ36l9Q==

addressparser@^0.3.2:
  version "0.3.2"
  resolved "https://registry.yarnpkg.com/addressparser/-/addressparser-0.3.2.tgz#59873f35e8fcf6c7361c10239261d76e15348bb2"
  integrity sha1-WYc/Nej89sc2HBAjkmHXbhU0i7I=

asn1js@^2.0.22, asn1js@^2.0.26:
  version "2.0.26"
  resolved "https://registry.yarnpkg.com/asn1js/-/asn1js-2.0.26.tgz#0a6d435000f556a96c6012969d9704d981b71251"
  integrity sha512-yG89F0j9B4B0MKIcFyWWxnpZPLaNTjCj4tkE3fjbAoo0qmpGw0PYYqSbX/4ebnd9Icn8ZgK4K1fvDyEtW1JYtQ==
  dependencies:
    pvutils latest

async-limiter@^1.0.0:
  version "1.0.1"
  resolved "https://registry.yarnpkg.com/async-limiter/-/async-limiter-1.0.1.tgz#dd379e94f0db8310b08291f9d64c3209766617fd"
  integrity sha512-csOlWGAcRFJaI6m+F2WKdnMKr4HhdhFVBk0H/QbJFMCr+uO2kwohwXQPxw/9OCxp05r5ghVBFSyioixx3gfkNQ==

emailjs-base64@^1.1.4:
  version "1.1.4"
  resolved "https://registry.yarnpkg.com/emailjs-base64/-/emailjs-base64-1.1.4.tgz#392fa38cb6aa35dccd3af3637ffc14c1c7ce9612"
  integrity sha512-4h0xp1jgVTnIQBHxSJWXWanNnmuc5o+k4aHEpcLXSToN8asjB5qbXAexs7+PEsUKcEyBteNYsSvXUndYT2CGGA==

emailjs-mime-codec@^2.0.7:
  version "2.0.9"
  resolved "https://registry.yarnpkg.com/emailjs-mime-codec/-/emailjs-mime-codec-2.0.9.tgz#d184451b6f2e55c5868b0f0a82d18fe2b82f0c97"
  integrity sha512-7qJo4pFGcKlWh/kCeNjmcgj34YoJWY0ekZXEHYtluWg4MVBnXqGM4CRMtZQkfYwitOhUgaKN5EQktJddi/YIDQ==
  dependencies:
    emailjs-base64 "^1.1.4"
    ramda "^0.26.1"
    text-encoding "^0.7.0"

emailjs@^2.2.0:
  version "2.2.0"
  resolved "https://registry.yarnpkg.com/emailjs/-/emailjs-2.2.0.tgz#ba5b23e4a4b0a4510f652e873b154e9407b6ca03"
  integrity sha1-ulsj5KSwpFEPZS6HOxVOlAe2ygM=
  dependencies:
    addressparser "^0.3.2"
    emailjs-mime-codec "^2.0.7"

gun@^0.2019.930:
  version "0.2019.930"
  resolved "https://registry.yarnpkg.com/gun/-/gun-0.2019.930.tgz#9251c064d4408958626af3707f7ce0623e0c19b0"
  integrity sha512-JZunmIcZqwq9MgrMHBRVAB7HbgNWUnwnHSJZPq0QCCbJwJ4rRctBcBWZF3BgS3AGpOUM9S+ecSQDacQHYJkujg==
  dependencies:
    ws "~>7.1.0"
  optionalDependencies:
    "@peculiar/webcrypto" "^1.0.19"
    emailjs "^2.2.0"
    text-encoding "^0.7.0"

pvtsutils@^1.0.4, pvtsutils@^1.0.6:
  version "1.0.6"
  resolved "https://registry.yarnpkg.com/pvtsutils/-/pvtsutils-1.0.6.tgz#e3883fd77abdd4c124131f6a49f3914cd9f21290"
  integrity sha512-0yNrOdJyLE7FZzmeEHTKanwBr5XbmDAd020cKa4ZiTYuGMBYBZmq7vHOhcOqhVllh6gghDBbaz1lnVdOqiB7cw==
  dependencies:
    "@types/node" "^10.14.17"
    tslib "^1.10.0"

pvutils@latest:
  version "1.0.17"
  resolved "https://registry.yarnpkg.com/pvutils/-/pvutils-1.0.17.tgz#ade3c74dfe7178944fe44806626bd2e249d996bf"
  integrity sha512-wLHYUQxWaXVQvKnwIDWFVKDJku9XDCvyhhxoq8dc5MFdIlRenyPI9eSfEtcvgHgD7FlvCyGAlWgOzRnZD99GZQ==

ramda@^0.26.1:
  version "0.26.1"
  resolved "https://registry.yarnpkg.com/ramda/-/ramda-0.26.1.tgz#8d41351eb8111c55353617fc3bbffad8e4d35d06"
  integrity sha512-hLWjpy7EnsDBb0p+Z3B7rPi3GDeRG5ZtiI33kJhTt+ORCd38AbAIjB/9zRIUoeTbE/AVX5ZkU7m6bznsvrf8eQ==

text-encoding@^0.7.0:
  version "0.7.0"
  resolved "https://registry.yarnpkg.com/text-encoding/-/text-encoding-0.7.0.tgz#f895e836e45990624086601798ea98e8f36ee643"
  integrity sha512-oJQ3f1hrOnbRLOcwKz0Liq2IcrvDeZRHXhd9RgLrsT+DjWY/nty1Hi7v3dtkaEYbPYe0mUoOfzRrMwfXXwgPUA==

tslib@^1.10.0, tslib@^1.9.3:
  version "1.10.0"
  resolved "https://registry.yarnpkg.com/tslib/-/tslib-1.10.0.tgz#c3c19f95973fb0a62973fb09d90d961ee43e5c8a"
  integrity sha512-qOebF53frne81cf0S9B41ByenJ3/IuH8yJKngAX35CmiZySA0khhkovshKK+jGCaMnVomla7gVlIcc3EvKPbTQ==

webcrypto-core@^1.0.14:
  version "1.0.14"
  resolved "https://registry.yarnpkg.com/webcrypto-core/-/webcrypto-core-1.0.14.tgz#c015088fbc9c235ebd8b35047a131c5ff58f7152"
  integrity sha512-iGZQcH/o3Jv6mpvCbzan6uAcUcLTTnUCil6RVYakcNh5/QXIKRRC06EFxHru9lHgVKucZy3gG4OBiup0IsOr0g==
  dependencies:
    pvtsutils "^1.0.4"
    tslib "^1.10.0"

ws@~>7.1.0:
  version "7.1.2"
  resolved "https://registry.yarnpkg.com/ws/-/ws-7.1.2.tgz#c672d1629de8bb27a9699eb599be47aeeedd8f73"
  integrity sha512-gftXq3XI81cJCgkUiAVixA0raD9IVmXqsylCrjRygw4+UOOGzPoxnQ6r/CnVL9i+mDncJo94tSkyrtuuQVBmrg==
  dependencies:
    async-limiter "^1.0.0"
